// !$*UTF8*$!
{
	archiveVersion = 1;
	classes = {
	};
	objectVersion = 46;
	objects = {

/* Begin PBXBuildFile section */
		22F2ADC91E2965100096E2D7 /* main.cpp in Sources */ = {isa = PBXBuildFile; fileRef = 22F2ADC81E2965100096E2D7 /* main.cpp */; };
		22F2ADD21E29BCC70096E2D7 /* main.cpp in Sources */ = {isa = PBXBuildFile; fileRef = 22F2ADC81E2965100096E2D7 /* main.cpp */; };
/* End PBXBuildFile section */

/* Begin PBXCopyFilesBuildPhase section */
		22F2ADC31E2965100096E2D7 /* CopyFiles */ = {
			isa = PBXCopyFilesBuildPhase;
			buildActionMask = 2147483647;
			dstPath = /usr/share/man/man1/;
			dstSubfolderSpec = 0;
			files = (
			);
			runOnlyForDeploymentPostprocessing = 1;
		};
		22F2ADD41E29BCC70096E2D7 /* CopyFiles */ = {
			isa = PBXCopyFilesBuildPhase;
			buildActionMask = 2147483647;
			dstPath = /usr/share/man/man1/;
			dstSubfolderSpec = 0;
			files = (
			);
			runOnlyForDeploymentPostprocessing = 1;
		};
/* End PBXCopyFilesBuildPhase section */

/* Begin PBXFileReference section */
		22F2ADC51E2965100096E2D7 /* interviewcodecpp */ = {isa = PBXFileReference; explicitFileType = "compiled.mach-o.executable"; includeInIndex = 0; path = interviewcodecpp; sourceTree = BUILT_PRODUCTS_DIR; };
		22F2ADC81E2965100096E2D7 /* main.cpp */ = {isa = PBXFileReference; lastKnownFileType = sourcecode.cpp.cpp; path = main.cpp; sourceTree = "<group>"; };
		22F2ADCF1E2965B50096E2D7 /* entity.h */ = {isa = PBXFileReference; lastKnownFileType = sourcecode.c.h; path = entity.h; sourceTree = "<group>"; };
		22F2ADD81E29BCC70096E2D7 /* interviewcodecpp copy */ = {isa = PBXFileReference; explicitFileType = "compiled.mach-o.executable"; includeInIndex = 0; path = "interviewcodecpp copy"; sourceTree = BUILT_PRODUCTS_DIR; };
/* End PBXFileReference section */

/* Begin PBXFrameworksBuildPhase section */
		22F2ADC21E2965100096E2D7 /* Frameworks */ = {
			isa = PBXFrameworksBuildPhase;
			buildActionMask = 2147483647;
			files = (
			);
			runOnlyForDeploymentPostprocessing = 0;
		};
		22F2ADD31E29BCC70096E2D7 /* Frameworks */ = {
			isa = PBXFrameworksBuildPhase;
			buildActionMask = 2147483647;
			files = (
			);
			runOnlyForDeploymentPostprocessing = 0;
		};
/* End PBXFrameworksBuildPhase section */

/* Begin PBXGroup section */
		22F2ADBC1E2965100096E2D7 = {
			isa = PBXGroup;
			children = (
				22F2ADC71E2965100096E2D7 /* interviewcodecpp */,
				22F2ADC61E2965100096E2D7 /* Products */,
			);
			sourceTree = "<group>";
		};
		22F2ADC61E2965100096E2D7 /* Products */ = {
			isa = PBXGroup;
			children = (
				22F2ADC51E2965100096E2D7 /* interviewcodecpp */,
				22F2ADD81E29BCC70096E2D7 /* interviewcodecpp copy */,
			);
			name = Products;
			sourceTree = "<group>";
		};
		22F2ADC71E2965100096E2D7 /* interviewcodecpp */ = {
			isa = PBXGroup;
			children = (
				22F2ADC81E2965100096E2D7 /* main.cpp */,
				22F2ADCF1E2965B50096E2D7 /* entity.h */,
			);
			path = interviewcodecpp;
			sourceTree = "<group>";
		};
/* End PBXGroup section */

/* Begin PBXNativeTarget section */
		22F2ADC41E2965100096E2D7 /* interviewcodecpp */ = {
			isa = PBXNativeTarget;
			buildConfigurationList = 22F2ADCC1E2965100096E2D7 /* Build configuration list for PBXNativeTarget "interviewcodecpp" */;
			buildPhases = (
				22F2ADC11E2965100096E2D7 /* Sources */,
				22F2ADC21E2965100096E2D7 /* Frameworks */,
				22F2ADC31E2965100096E2D7 /* CopyFiles */,
			);
			buildRules = (
			);
			dependencies = (
			);
			name = interviewcodecpp;
			productName = interviewcodecpp;
			productReference = 22F2ADC51E2965100096E2D7 /* interviewcodecpp */;
			productType = "com.apple.product-type.tool";
		};
		22F2ADD01E29BCC70096E2D7 /* interviewcodecpp copy */ = {
			isa = PBXNativeTarget;
			buildConfigurationList = 22F2ADD51E29BCC70096E2D7 /* Build configuration list for PBXNativeTarget "interviewcodecpp copy" */;
			buildPhases = (
				22F2ADD11E29BCC70096E2D7 /* Sources */,
				22F2ADD31E29BCC70096E2D7 /* Frameworks */,
				22F2ADD41E29BCC70096E2D7 /* CopyFiles */,
			);
			buildRules = (
			);
			dependencies = (
			);
			name = "interviewcodecpp copy";
			productName = interviewcodecpp;
			productReference = 22F2ADD81E29BCC70096E2D7 /* interviewcodecpp copy */;
			productType = "com.apple.product-type.tool";
		};
/* End PBXNativeTarget section */

/* Begin PBXProject section */
		22F2ADBD1E2965100096E2D7 /* Project object */ = {
			isa = PBXProject;
			attributes = {
				LastUpgradeCheck = 1010;
				ORGANIZATIONNAME = "Sam Pullara";
				TargetAttributes = {
					22F2ADC41E2965100096E2D7 = {
						CreatedOnToolsVersion = 8.2.1;
						ProvisioningStyle = Automatic;
					};
				};
			};
			buildConfigurationList = 22F2ADC01E2965100096E2D7 /* Build configuration list for PBXProject "interviewcodecpp" */;
			compatibilityVersion = "Xcode 3.2";
			developmentRegion = English;
			hasScannedForEncodings = 0;
			knownRegions = (
				en,
			);
			mainGroup = 22F2ADBC1E2965100096E2D7;
			productRefGroup = 22F2ADC61E2965100096E2D7 /* Products */;
			projectDirPath = "";
			projectRoot = "";
			targets = (
				22F2ADC41E2965100096E2D7 /* interviewcodecpp */,
				22F2ADD01E29BCC70096E2D7 /* interviewcodecpp copy */,
			);
		};
/* End PBXProject section */

/* Begin PBXSourcesBuildPhase section */
		22F2ADC11E2965100096E2D7 /* Sources */ = {
			isa = PBXSourcesBuildPhase;
			buildActionMask = 2147483647;
			files = (
				22F2ADC91E2965100096E2D7 /* main.cpp in Sources */,
			);
			runOnlyForDeploymentPostprocessing = 0;
		};
		22F2ADD11E29BCC70096E2D7 /* Sources */ = {
			isa = PBXSourcesBuildPhase;
			buildActionMask = 2147483647;
			files = (
				22F2ADD21E29BCC70096E2D7 /* main.cpp in Sources */,
			);
			runOnlyForDeploymentPostprocessing = 0;
		};
/* End PBXSourcesBuildPhase section */

/* Begin XCBuildConfiguration section */
		22F2ADCA1E2965100096E2D7 /* Debug */ = {
			isa = XCBuildConfiguration;
			buildSettings = {
				ALWAYS_SEARCH_USER_PATHS = NO;
				CLANG_ANALYZER_NONNULL = YES;
				CLANG_CXX_LANGUAGE_STANDARD = "gnu++0x";
				CLANG_CXX_LIBRARY = "libc++";
				CLANG_ENABLE_MODULES = YES;
				CLANG_ENABLE_OBJC_ARC = YES;
				CLANG_WARN_BLOCK_CAPTURE_AUTORELEASING = YES;
				CLANG_WARN_BOOL_CONVERSION = YES;
				CLANG_WARN_COMMA = YES;
				CLANG_WARN_CONSTANT_CONVERSION = YES;
				CLANG_WARN_DEPRECATED_OBJC_IMPLEMENTATIONS = YES;
				CLANG_WARN_DIRECT_OBJC_ISA_USAGE = YES_ERROR;
				CLANG_WARN_DOCUMENTATION_COMMENTS = YES;
				CLANG_WARN_EMPTY_BODY = YES;
				CLANG_WARN_ENUM_CONVERSION = YES;
				CLANG_WARN_INFINITE_RECURSION = YES;
				CLANG_WARN_INT_CONVERSION = YES;
				CLANG_WARN_NON_LITERAL_NULL_CONVERSION = YES;
				CLANG_WARN_OBJC_IMPLICIT_RETAIN_SELF = YES;
				CLANG_WARN_OBJC_LITERAL_CONVERSION = YES;
				CLANG_WARN_OBJC_ROOT_CLASS = YES_ERROR;
				CLANG_WARN_RANGE_LOOP_ANALYSIS = YES;
				CLANG_WARN_STRICT_PROTOTYPES = YES;
				CLANG_WARN_SUSPICIOUS_MOVE = YES;
				CLANG_WARN_UNREACHABLE_CODE = YES;
				CLANG_WARN__DUPLICATE_METHOD_MATCH = YES;
				CODE_SIGN_IDENTITY = "-";
				COPY_PHASE_STRIP = NO;
				DEBUG_INFORMATION_FORMAT = dwarf;
				ENABLE_STRICT_OBJC_MSGSEND = YES;
				ENABLE_TESTABILITY = YES;
				GCC_C_LANGUAGE_STANDARD = gnu99;
				GCC_DYNAMIC_NO_PIC = NO;
				GCC_NO_COMMON_BLOCKS = YES;
				GCC_OPTIMIZATION_LEVEL = 0;
				GCC_PREPROCESSOR_DEFINITIONS = (
					"DEBUG=1",
					"$(inherited)",
				);
				GCC_WARN_64_TO_32_BIT_CONVERSION = YES;
				GCC_WARN_ABOUT_RETURN_TYPE = YES_ERROR;
				GCC_WARN_UNDECLARED_SELECTOR = YES;
				GCC_WARN_UNINITIALIZED_AUTOS = YES_AGGRESSIVE;
				GCC_WARN_UNUSED_FUNCTION = YES;
				GCC_WARN_UNUSED_VARIABLE = YES;
				MACOSX_DEPLOYMENT_TARGET = 10.12;
				MTL_ENABLE_DEBUG_INFO = YES;
				ONLY_ACTIVE_ARCH = YES;
				SDKROOT = macosx;
			};
			name = Debug;
		};
		22F2ADCB1E2965100096E2D7 /* Release */ = {
			isa = XCBuildConfiguration;
			buildSettings = {
				ALWAYS_SEARCH_USER_PATHS = NO;
				CLANG_ANALYZER_NONNULL = YES;
				CLANG_CXX_LANGUAGE_STANDARD = "gnu++0x";
				CLANG_CXX_LIBRARY = "libc++";
				CLANG_ENABLE_MODULES = YES;
				CLANG_ENABLE_OBJC_ARC = YES;
				CLANG_WARN_BLOCK_CAPTURE_AUTORELEASING = YES;
				CLANG_WARN_BOOL_CONVERSION = YES;
				CLANG_WARN_COMMA = YES;
				CLANG_WARN_CONSTANT_CONVERSION = YES;
				CLANG_WARN_DEPRECATED_OBJC_IMPLEMENTATIONS = YES;
				CLANG_WARN_DIRECT_OBJC_ISA_USAGE = YES_ERROR;
				CLANG_WARN_DOCUMENTATION_COMMENTS = YES;
				CLANG_WARN_EMPTY_BODY = YES;
				CLANG_WARN_ENUM_CONVERSION = YES;
				CLANG_WARN_INFINITE_RECURSION = YES;
				CLANG_WARN_INT_CONVERSION = YES;
				CLANG_WARN_NON_LITERAL_NULL_CONVERSION = YES;
				CLANG_WARN_OBJC_IMPLICIT_RETAIN_SELF = YES;
				CLANG_WARN_OBJC_LITERAL_CONVERSION = YES;
				CLANG_WARN_OBJC_ROOT_CLASS = YES_ERROR;
				CLANG_WARN_RANGE_LOOP_ANALYSIS = YES;
				CLANG_WARN_STRICT_PROTOTYPES = YES;
				CLANG_WARN_SUSPICIOUS_MOVE = YES;
				CLANG_WARN_UNREACHABLE_CODE = YES;
				CLANG_WARN__DUPLICATE_METHOD_MATCH = YES;
				CODE_SIGN_IDENTITY = "-";
				COPY_PHASE_STRIP = NO;
				DEBUG_INFORMATION_FORMAT = "dwarf-with-dsym";
				ENABLE_NS_ASSERTIONS = NO;
				ENABLE_STRICT_OBJC_MSGSEND = YES;
				GCC_C_LANGUAGE_STANDARD = gnu99;
				GCC_NO_COMMON_BLOCKS = YES;
				GCC_WARN_64_TO_32_BIT_CONVERSION = YES;
				GCC_WARN_ABOUT_RETURN_TYPE = YES_ERROR;
				GCC_WARN_UNDECLARED_SELECTOR = YES;
				GCC_WARN_UNINITIALIZED_AUTOS = YES_AGGRESSIVE;
				GCC_WARN_UNUSED_FUNCTION = YES;
				GCC_WARN_UNUSED_VARIABLE = YES;
				MACOSX_DEPLOYMENT_TARGET = 10.12;
				MTL_ENABLE_DEBUG_INFO = NO;
				SDKROOT = macosx;
			};
			name = Release;
		};
		22F2ADCD1E2965100096E2D7 /* Debug */ = {
			isa = XCBuildConfiguration;
			buildSettings = {
				PRODUCT_NAME = "$(TARGET_NAME)";
			};
			name = Debug;
		};
		22F2ADCE1E2965100096E2D7 /* Release */ = {
			isa = XCBuildConfiguration;
			buildSettings = {
				PRODUCT_NAME = "$(TARGET_NAME)";
			};
			name = Release;
		};
		22F2ADD61E29BCC70096E2D7 /* Debug */ = {
			isa = XCBuildConfiguration;
			buildSettings = {
				ENABLE_TESTABILITY = NO;
				PRODUCT_NAME = "$(TARGET_NAME)";
			};
			name = Debug;
		};
		22F2ADD71E29BCC70096E2D7 /* Release */ = {
			isa = XCBuildConfiguration;
			buildSettings = {
				ENABLE_TESTABILITY = YES;
				PRODUCT_NAME = "$(TARGET_NAME)";
			};
			name = Release;
		};
/* End XCBuildConfiguration section */

/* Begin XCConfigurationList section */
		22F2ADC01E2965100096E2D7 /* Build configuration list for PBXProject "interviewcodecpp" */ = {
			isa = XCConfigurationList;
			buildConfigurations = (
				22F2ADCA1E2965100096E2D7 /* Debug */,
				22F2ADCB1E2965100096E2D7 /* Release */,
			);
			defaultConfigurationIsVisible = 0;
			defaultConfigurationName = Release;
		};
		22F2ADCC1E2965100096E2D7 /* Build configuration list for PBXNativeTarget "interviewcodecpp" */ = {
			isa = XCConfigurationList;
			buildConfigurations = (
				22F2ADCD1E2965100096E2D7 /* Debug */,
				22F2ADCE1E2965100096E2D7 /* Release */,
			);
			defaultConfigurationIsVisible = 0;
			defaultConfigurationName = Release;
		};
		22F2ADD51E29BCC70096E2D7 /* Build configuration list for PBXNativeTarget "interviewcodecpp copy" */ = {
			isa = XCConfigurationList;
			buildConfigurations = (
				22F2ADD61E29BCC70096E2D7 /* Debug */,
				22F2ADD71E29BCC70096E2D7 /* Release */,
			);
			defaultConfigurationIsVisible = 0;
			defaultConfigurationName = Release;
		};
/* End XCConfigurationList section */
	};
	rootObject = 22F2ADBD1E2965100096E2D7 /* Project object */;
}
